
Microsoft Visual Studio Solution File, Format Version 12.00
# Visual Studio Version 17
VisualStudioVersion = 17.14.36511.14 d17.14
MinimumVisualStudioVersion = 10.0.40219.1
Project("{8BC9CEB8-8B4A-11D0-8D11-00A0C91BC942}") = "GhostriderSpeedGPU", "GhostriderSpeedGPU\GhostriderSpeedGPU.vcxproj", "{327F22AB-97A6-142F-E3C3-130B069AC1EE}"
EndProject
Global
	GlobalSection(SolutionConfigurationPlatforms) = preSolution
		Debug|x64 = Debug|x64
		Release|x64 = Release|x64
	EndGlobalSection
	GlobalSection(ProjectConfigurationPlatforms) = postSolution
		{327F22AB-97A6-142F-E3C3-130B069AC1EE}.Debug|x64.ActiveCfg = Debug|x64
		{327F22AB-97A6-142F-E3C3-130B069AC1EE}.Debug|x64.Build.0 = Debug|x64
		{327F22AB-97A6-142F-E3C3-130B069AC1EE}.Release|x64.ActiveCfg = Release|x64
		{327F22AB-97A6-142F-E3C3-130B069AC1EE}.Release|x64.Build.0 = Release|x64
	EndGlobalSection
	GlobalSection(SolutionProperties) = preSolution
		HideSolutionNode = FALSE
	EndGlobalSection
	GlobalSection(ExtensibilityGlobals) = postSolution
		SolutionGuid = {A6D25112-206B-4740-B9CC-8C33748D3FCF}
	EndGlobalSection
EndGlobal
